
Microsoft Visual Studio Solution File, Format Version 12.00
# Visual Studio Version 16
VisualStudioVersion = 16.0.29215.179
MinimumVisualStudioVersion = 10.0.40219.1
Project("{8BC9CEB8-8B4A-11D0-8D11-00A0C91BC942}") = "2SLaba6", "2SLaba6.vcxproj", "{7F40D340-4494-4BB9-BE0F-540AB61DEEB2}"
EndProject
Global
	GlobalSection(SolutionConfigurationPlatforms) = preSolution
		Debug|x64 = Debug|x64
		Debug|x86 = Debug|x86
		Release|x64 = Release|x64
		Release|x86 = Release|x86
	EndGlobalSection
	GlobalSection(ProjectConfigurationPlatforms) = postSolution
		{7F40D340-4494-4BB9-BE0F-540AB61DEEB2}.Debug|x64.ActiveCfg = Debug|x64
		{7F40D340-4494-4BB9-BE0F-540AB61DEEB2}.Debug|x64.Build.0 = Debug|x64
		{7F40D340-4494-4BB9-BE0F-540AB61DEEB2}.Debug|x86.ActiveCfg = Debug|Win32
		{7F40D340-4494-4BB9-BE0F-540AB61DEEB2}.Debug|x86.Build.0 = Debug|Win32
		{7F40D340-4494-4BB9-BE0F-540AB61DEEB2}.Release|x64.ActiveCfg = Release|x64
		{7F40D340-4494-4BB9-BE0F-540AB61DEEB2}.Release|x64.Build.0 = Release|x64
		{7F40D340-4494-4BB9-BE0F-540AB61DEEB2}.Release|x86.ActiveCfg = Release|Win32
		{7F40D340-4494-4BB9-BE0F-540AB61DEEB2}.Release|x86.Build.0 = Release|Win32
	EndGlobalSection
	GlobalSection(SolutionProperties) = preSolution
		HideSolutionNode = FALSE
	EndGlobalSection
	GlobalSection(ExtensibilityGlobals) = postSolution
		SolutionGuid = {70AE4755-8659-4397-B4F1-76C0551C1E63}
	EndGlobalSection
EndGlobal
