
Microsoft Visual Studio Solution File, Format Version 12.00
# Visual Studio Version 16
VisualStudioVersion = 16.0.29215.179
MinimumVisualStudioVersion = 10.0.40219.1
Project("{8BC9CEB8-8B4A-11D0-8D11-00A0C91BC942}") = "OSLaba10_1ZServer", "OSLaba10_1ZServer.vcxproj", "{BED8ED73-AD88-40D9-8802-3F21D7AA4229}"
EndProject
Global
	GlobalSection(SolutionConfigurationPlatforms) = preSolution
		Debug|x64 = Debug|x64
		Debug|x86 = Debug|x86
		Release|x64 = Release|x64
		Release|x86 = Release|x86
	EndGlobalSection
	GlobalSection(ProjectConfigurationPlatforms) = postSolution
		{BED8ED73-AD88-40D9-8802-3F21D7AA4229}.Debug|x64.ActiveCfg = Debug|x64
		{BED8ED73-AD88-40D9-8802-3F21D7AA4229}.Debug|x64.Build.0 = Debug|x64
		{BED8ED73-AD88-40D9-8802-3F21D7AA4229}.Debug|x86.ActiveCfg = Debug|Win32
		{BED8ED73-AD88-40D9-8802-3F21D7AA4229}.Debug|x86.Build.0 = Debug|Win32
		{BED8ED73-AD88-40D9-8802-3F21D7AA4229}.Release|x64.ActiveCfg = Release|x64
		{BED8ED73-AD88-40D9-8802-3F21D7AA4229}.Release|x64.Build.0 = Release|x64
		{BED8ED73-AD88-40D9-8802-3F21D7AA4229}.Release|x86.ActiveCfg = Release|Win32
		{BED8ED73-AD88-40D9-8802-3F21D7AA4229}.Release|x86.Build.0 = Release|Win32
	EndGlobalSection
	GlobalSection(SolutionProperties) = preSolution
		HideSolutionNode = FALSE
	EndGlobalSection
	GlobalSection(ExtensibilityGlobals) = postSolution
		SolutionGuid = {6B77873F-8EE7-4E89-8E14-619398D05861}
	EndGlobalSection
EndGlobal
