
Microsoft Visual Studio Solution File, Format Version 12.00
# Visual Studio Version 16
VisualStudioVersion = 16.0.29215.179
MinimumVisualStudioVersion = 10.0.40219.1
Project("{8BC9CEB8-8B4A-11D0-8D11-00A0C91BC942}") = "OSMU2K_1Laba", "OSMU2K_1Laba.vcxproj", "{90EDC1D5-F6FD-4569-B90D-A40BA3904B57}"
EndProject
Global
	GlobalSection(SolutionConfigurationPlatforms) = preSolution
		Debug|x64 = Debug|x64
		Debug|x86 = Debug|x86
		Release|x64 = Release|x64
		Release|x86 = Release|x86
	EndGlobalSection
	GlobalSection(ProjectConfigurationPlatforms) = postSolution
		{90EDC1D5-F6FD-4569-B90D-A40BA3904B57}.Debug|x64.ActiveCfg = Debug|x64
		{90EDC1D5-F6FD-4569-B90D-A40BA3904B57}.Debug|x64.Build.0 = Debug|x64
		{90EDC1D5-F6FD-4569-B90D-A40BA3904B57}.Debug|x86.ActiveCfg = Debug|Win32
		{90EDC1D5-F6FD-4569-B90D-A40BA3904B57}.Debug|x86.Build.0 = Debug|Win32
		{90EDC1D5-F6FD-4569-B90D-A40BA3904B57}.Release|x64.ActiveCfg = Release|x64
		{90EDC1D5-F6FD-4569-B90D-A40BA3904B57}.Release|x64.Build.0 = Release|x64
		{90EDC1D5-F6FD-4569-B90D-A40BA3904B57}.Release|x86.ActiveCfg = Release|Win32
		{90EDC1D5-F6FD-4569-B90D-A40BA3904B57}.Release|x86.Build.0 = Release|Win32
	EndGlobalSection
	GlobalSection(SolutionProperties) = preSolution
		HideSolutionNode = FALSE
	EndGlobalSection
	GlobalSection(ExtensibilityGlobals) = postSolution
		SolutionGuid = {17500269-9541-4473-9243-8E83743298F3}
	EndGlobalSection
EndGlobal
