
Microsoft Visual Studio Solution File, Format Version 12.00
# Visual Studio Version 16
VisualStudioVersion = 16.0.29215.179
MinimumVisualStudioVersion = 10.0.40219.1
Project("{8BC9CEB8-8B4A-11D0-8D11-00A0C91BC942}") = "S2Laba1Dop1", "S2Laba1Dop1.vcxproj", "{6F233959-1683-48BC-8FD9-73F0FA058252}"
EndProject
Global
	GlobalSection(SolutionConfigurationPlatforms) = preSolution
		Debug|x64 = Debug|x64
		Debug|x86 = Debug|x86
		Release|x64 = Release|x64
		Release|x86 = Release|x86
	EndGlobalSection
	GlobalSection(ProjectConfigurationPlatforms) = postSolution
		{6F233959-1683-48BC-8FD9-73F0FA058252}.Debug|x64.ActiveCfg = Debug|x64
		{6F233959-1683-48BC-8FD9-73F0FA058252}.Debug|x64.Build.0 = Debug|x64
		{6F233959-1683-48BC-8FD9-73F0FA058252}.Debug|x86.ActiveCfg = Debug|Win32
		{6F233959-1683-48BC-8FD9-73F0FA058252}.Debug|x86.Build.0 = Debug|Win32
		{6F233959-1683-48BC-8FD9-73F0FA058252}.Release|x64.ActiveCfg = Release|x64
		{6F233959-1683-48BC-8FD9-73F0FA058252}.Release|x64.Build.0 = Release|x64
		{6F233959-1683-48BC-8FD9-73F0FA058252}.Release|x86.ActiveCfg = Release|Win32
		{6F233959-1683-48BC-8FD9-73F0FA058252}.Release|x86.Build.0 = Release|Win32
	EndGlobalSection
	GlobalSection(SolutionProperties) = preSolution
		HideSolutionNode = FALSE
	EndGlobalSection
	GlobalSection(ExtensibilityGlobals) = postSolution
		SolutionGuid = {622A54D8-83B7-4AE3-AB04-C02FC3304820}
	EndGlobalSection
EndGlobal
