
Microsoft Visual Studio Solution File, Format Version 12.00
# Visual Studio Version 16
VisualStudioVersion = 16.0.29215.179
MinimumVisualStudioVersion = 10.0.40219.1
Project("{8BC9CEB8-8B4A-11D0-8D11-00A0C91BC942}") = "2SLaba11", "2SLaba11.vcxproj", "{4AD6097A-41E6-4AA2-A3FD-5F9B45152B97}"
EndProject
Global
	GlobalSection(SolutionConfigurationPlatforms) = preSolution
		Debug|x64 = Debug|x64
		Debug|x86 = Debug|x86
		Release|x64 = Release|x64
		Release|x86 = Release|x86
	EndGlobalSection
	GlobalSection(ProjectConfigurationPlatforms) = postSolution
		{4AD6097A-41E6-4AA2-A3FD-5F9B45152B97}.Debug|x64.ActiveCfg = Debug|x64
		{4AD6097A-41E6-4AA2-A3FD-5F9B45152B97}.Debug|x64.Build.0 = Debug|x64
		{4AD6097A-41E6-4AA2-A3FD-5F9B45152B97}.Debug|x86.ActiveCfg = Debug|Win32
		{4AD6097A-41E6-4AA2-A3FD-5F9B45152B97}.Debug|x86.Build.0 = Debug|Win32
		{4AD6097A-41E6-4AA2-A3FD-5F9B45152B97}.Release|x64.ActiveCfg = Release|x64
		{4AD6097A-41E6-4AA2-A3FD-5F9B45152B97}.Release|x64.Build.0 = Release|x64
		{4AD6097A-41E6-4AA2-A3FD-5F9B45152B97}.Release|x86.ActiveCfg = Release|Win32
		{4AD6097A-41E6-4AA2-A3FD-5F9B45152B97}.Release|x86.Build.0 = Release|Win32
	EndGlobalSection
	GlobalSection(SolutionProperties) = preSolution
		HideSolutionNode = FALSE
	EndGlobalSection
	GlobalSection(ExtensibilityGlobals) = postSolution
		SolutionGuid = {4D9BC7D0-B576-44FB-8413-4E435B3262D6}
	EndGlobalSection
EndGlobal
