
Microsoft Visual Studio Solution File, Format Version 12.00
# Visual Studio Version 16
VisualStudioVersion = 16.0.30503.244
MinimumVisualStudioVersion = 10.0.40219.1
Project("{FAE04EC0-301F-11D3-BF4B-00C04F79EFBC}") = "2kLabs_Sharp_3(1)", "2kLabs_Sharp_3(1).csproj", "{8930FAE8-C65B-4237-B994-3328A68D890E}"
EndProject
Global
	GlobalSection(SolutionConfigurationPlatforms) = preSolution
		Debug|Any CPU = Debug|Any CPU
		Release|Any CPU = Release|Any CPU
	EndGlobalSection
	GlobalSection(ProjectConfigurationPlatforms) = postSolution
		{8930FAE8-C65B-4237-B994-3328A68D890E}.Debug|Any CPU.ActiveCfg = Debug|Any CPU
		{8930FAE8-C65B-4237-B994-3328A68D890E}.Debug|Any CPU.Build.0 = Debug|Any CPU
		{8930FAE8-C65B-4237-B994-3328A68D890E}.Release|Any CPU.ActiveCfg = Release|Any CPU
		{8930FAE8-C65B-4237-B994-3328A68D890E}.Release|Any CPU.Build.0 = Release|Any CPU
	EndGlobalSection
	GlobalSection(SolutionProperties) = preSolution
		HideSolutionNode = FALSE
	EndGlobalSection
	GlobalSection(ExtensibilityGlobals) = postSolution
		SolutionGuid = {554864A2-A069-4170-B648-6422594FB19D}
	EndGlobalSection
EndGlobal
