
Microsoft Visual Studio Solution File, Format Version 12.00
# Visual Studio Version 16
VisualStudioVersion = 16.0.29215.179
MinimumVisualStudioVersion = 10.0.40219.1
Project("{8BC9CEB8-8B4A-11D0-8D11-00A0C91BC942}") = "task08", "task08.vcxproj", "{4CEFF16C-E521-4E89-A3A9-C3E3B3949373}"
EndProject
Global
	GlobalSection(SolutionConfigurationPlatforms) = preSolution
		Debug|x64 = Debug|x64
		Debug|x86 = Debug|x86
		Release|x64 = Release|x64
		Release|x86 = Release|x86
	EndGlobalSection
	GlobalSection(ProjectConfigurationPlatforms) = postSolution
		{4CEFF16C-E521-4E89-A3A9-C3E3B3949373}.Debug|x64.ActiveCfg = Debug|x64
		{4CEFF16C-E521-4E89-A3A9-C3E3B3949373}.Debug|x64.Build.0 = Debug|x64
		{4CEFF16C-E521-4E89-A3A9-C3E3B3949373}.Debug|x86.ActiveCfg = Debug|Win32
		{4CEFF16C-E521-4E89-A3A9-C3E3B3949373}.Debug|x86.Build.0 = Debug|Win32
		{4CEFF16C-E521-4E89-A3A9-C3E3B3949373}.Release|x64.ActiveCfg = Release|x64
		{4CEFF16C-E521-4E89-A3A9-C3E3B3949373}.Release|x64.Build.0 = Release|x64
		{4CEFF16C-E521-4E89-A3A9-C3E3B3949373}.Release|x86.ActiveCfg = Release|Win32
		{4CEFF16C-E521-4E89-A3A9-C3E3B3949373}.Release|x86.Build.0 = Release|Win32
	EndGlobalSection
	GlobalSection(SolutionProperties) = preSolution
		HideSolutionNode = FALSE
	EndGlobalSection
	GlobalSection(ExtensibilityGlobals) = postSolution
		SolutionGuid = {148624E7-86EC-4C85-87D8-3D7F20D11C24}
	EndGlobalSection
EndGlobal
