
Microsoft Visual Studio Solution File, Format Version 12.00
# Visual Studio Version 16
VisualStudioVersion = 16.0.29215.179
MinimumVisualStudioVersion = 10.0.40219.1
Project("{8BC9CEB8-8B4A-11D0-8D11-00A0C91BC942}") = "OSLaba10_2Server", "OSLaba10_2Server.vcxproj", "{47122667-523C-4679-BA09-92B802DEC3AA}"
EndProject
Global
	GlobalSection(SolutionConfigurationPlatforms) = preSolution
		Debug|x64 = Debug|x64
		Debug|x86 = Debug|x86
		Release|x64 = Release|x64
		Release|x86 = Release|x86
	EndGlobalSection
	GlobalSection(ProjectConfigurationPlatforms) = postSolution
		{47122667-523C-4679-BA09-92B802DEC3AA}.Debug|x64.ActiveCfg = Debug|x64
		{47122667-523C-4679-BA09-92B802DEC3AA}.Debug|x64.Build.0 = Debug|x64
		{47122667-523C-4679-BA09-92B802DEC3AA}.Debug|x86.ActiveCfg = Debug|Win32
		{47122667-523C-4679-BA09-92B802DEC3AA}.Debug|x86.Build.0 = Debug|Win32
		{47122667-523C-4679-BA09-92B802DEC3AA}.Release|x64.ActiveCfg = Release|x64
		{47122667-523C-4679-BA09-92B802DEC3AA}.Release|x64.Build.0 = Release|x64
		{47122667-523C-4679-BA09-92B802DEC3AA}.Release|x86.ActiveCfg = Release|Win32
		{47122667-523C-4679-BA09-92B802DEC3AA}.Release|x86.Build.0 = Release|Win32
	EndGlobalSection
	GlobalSection(SolutionProperties) = preSolution
		HideSolutionNode = FALSE
	EndGlobalSection
	GlobalSection(ExtensibilityGlobals) = postSolution
		SolutionGuid = {7CF41CC9-2EAB-42C5-850F-CE1670D0BFCE}
	EndGlobalSection
EndGlobal
