
Microsoft Visual Studio Solution File, Format Version 12.00
# Visual Studio Version 16
VisualStudioVersion = 16.0.30503.244
MinimumVisualStudioVersion = 10.0.40219.1
Project("{FAE04EC0-301F-11D3-BF4B-00C04F79EFBC}") = "2kLabsSharp_13", "2kLabsSharp_13.csproj", "{EF13C8B1-DC05-4BBB-B36B-36517E61F646}"
EndProject
Global
	GlobalSection(SolutionConfigurationPlatforms) = preSolution
		Debug|Any CPU = Debug|Any CPU
		Release|Any CPU = Release|Any CPU
	EndGlobalSection
	GlobalSection(ProjectConfigurationPlatforms) = postSolution
		{EF13C8B1-DC05-4BBB-B36B-36517E61F646}.Debug|Any CPU.ActiveCfg = Debug|Any CPU
		{EF13C8B1-DC05-4BBB-B36B-36517E61F646}.Debug|Any CPU.Build.0 = Debug|Any CPU
		{EF13C8B1-DC05-4BBB-B36B-36517E61F646}.Release|Any CPU.ActiveCfg = Release|Any CPU
		{EF13C8B1-DC05-4BBB-B36B-36517E61F646}.Release|Any CPU.Build.0 = Release|Any CPU
	EndGlobalSection
	GlobalSection(SolutionProperties) = preSolution
		HideSolutionNode = FALSE
	EndGlobalSection
	GlobalSection(ExtensibilityGlobals) = postSolution
		SolutionGuid = {A6CCE092-C9B5-4CBA-A768-C03623943A76}
	EndGlobalSection
EndGlobal
