
Microsoft Visual Studio Solution File, Format Version 12.00
# Visual Studio Version 16
VisualStudioVersion = 16.0.29215.179
MinimumVisualStudioVersion = 10.0.40219.1
Project("{8BC9CEB8-8B4A-11D0-8D11-00A0C91BC942}") = "2SLaba16(work)", "2SLaba16(work).vcxproj", "{843F87F5-C875-4A1A-9702-BBFE72DA0269}"
EndProject
Global
	GlobalSection(SolutionConfigurationPlatforms) = preSolution
		Debug|x64 = Debug|x64
		Debug|x86 = Debug|x86
		Release|x64 = Release|x64
		Release|x86 = Release|x86
	EndGlobalSection
	GlobalSection(ProjectConfigurationPlatforms) = postSolution
		{843F87F5-C875-4A1A-9702-BBFE72DA0269}.Debug|x64.ActiveCfg = Debug|x64
		{843F87F5-C875-4A1A-9702-BBFE72DA0269}.Debug|x64.Build.0 = Debug|x64
		{843F87F5-C875-4A1A-9702-BBFE72DA0269}.Debug|x86.ActiveCfg = Debug|Win32
		{843F87F5-C875-4A1A-9702-BBFE72DA0269}.Debug|x86.Build.0 = Debug|Win32
		{843F87F5-C875-4A1A-9702-BBFE72DA0269}.Release|x64.ActiveCfg = Release|x64
		{843F87F5-C875-4A1A-9702-BBFE72DA0269}.Release|x64.Build.0 = Release|x64
		{843F87F5-C875-4A1A-9702-BBFE72DA0269}.Release|x86.ActiveCfg = Release|Win32
		{843F87F5-C875-4A1A-9702-BBFE72DA0269}.Release|x86.Build.0 = Release|Win32
	EndGlobalSection
	GlobalSection(SolutionProperties) = preSolution
		HideSolutionNode = FALSE
	EndGlobalSection
	GlobalSection(ExtensibilityGlobals) = postSolution
		SolutionGuid = {AA3F081A-793D-465C-9649-166C18AEF524}
	EndGlobalSection
EndGlobal
