
Microsoft Visual Studio Solution File, Format Version 12.00
# Visual Studio Version 16
VisualStudioVersion = 16.0.31005.135
MinimumVisualStudioVersion = 10.0.40219.1
Project("{FAE04EC0-301F-11D3-BF4B-00C04F79EFBC}") = "WpfLaba10", "WpfLaba10\WpfLaba10.csproj", "{24B14C62-280A-4015-BD8F-59C23D779EC9}"
EndProject
Global
	GlobalSection(SolutionConfigurationPlatforms) = preSolution
		Debug|Any CPU = Debug|Any CPU
		Release|Any CPU = Release|Any CPU
	EndGlobalSection
	GlobalSection(ProjectConfigurationPlatforms) = postSolution
		{24B14C62-280A-4015-BD8F-59C23D779EC9}.Debug|Any CPU.ActiveCfg = Debug|Any CPU
		{24B14C62-280A-4015-BD8F-59C23D779EC9}.Debug|Any CPU.Build.0 = Debug|Any CPU
		{24B14C62-280A-4015-BD8F-59C23D779EC9}.Release|Any CPU.ActiveCfg = Release|Any CPU
		{24B14C62-280A-4015-BD8F-59C23D779EC9}.Release|Any CPU.Build.0 = Release|Any CPU
	EndGlobalSection
	GlobalSection(SolutionProperties) = preSolution
		HideSolutionNode = FALSE
	EndGlobalSection
	GlobalSection(ExtensibilityGlobals) = postSolution
		SolutionGuid = {4BDC76B4-2DE8-4FA1-8EEC-84A77E644276}
	EndGlobalSection
EndGlobal
