
Microsoft Visual Studio Solution File, Format Version 12.00
# Visual Studio Version 16
VisualStudioVersion = 16.0.31005.135
MinimumVisualStudioVersion = 10.0.40219.1
Project("{FAE04EC0-301F-11D3-BF4B-00C04F79EFBC}") = "Wpf67", "Wpf67.csproj", "{BEB7A9FB-3E07-4871-9081-644F08758F1C}"
EndProject
Global
	GlobalSection(SolutionConfigurationPlatforms) = preSolution
		Debug|Any CPU = Debug|Any CPU
		Release|Any CPU = Release|Any CPU
	EndGlobalSection
	GlobalSection(ProjectConfigurationPlatforms) = postSolution
		{BEB7A9FB-3E07-4871-9081-644F08758F1C}.Debug|Any CPU.ActiveCfg = Debug|Any CPU
		{BEB7A9FB-3E07-4871-9081-644F08758F1C}.Debug|Any CPU.Build.0 = Debug|Any CPU
		{BEB7A9FB-3E07-4871-9081-644F08758F1C}.Release|Any CPU.ActiveCfg = Release|Any CPU
		{BEB7A9FB-3E07-4871-9081-644F08758F1C}.Release|Any CPU.Build.0 = Release|Any CPU
	EndGlobalSection
	GlobalSection(SolutionProperties) = preSolution
		HideSolutionNode = FALSE
	EndGlobalSection
	GlobalSection(ExtensibilityGlobals) = postSolution
		SolutionGuid = {422463FC-9C87-4B33-8641-A31529C68A24}
	EndGlobalSection
EndGlobal
